// !$*UTF8*$!
{
	archiveVersion = 1;
	classes = {
	};
	objectVersion = 55;
	objects = {

/* Begin PBXBuildFile section */
		67F03E1A271FC17A00A37705 /* Tests_iOS.swift in Sources */ = {isa = PBXBuildFile; fileRef = 67F03E19271FC17A00A37705 /* Tests_iOS.swift */; };
		67F03E1C271FC17A00A37705 /* Tests_iOSLaunchTests.swift in Sources */ = {isa = PBXBuildFile; fileRef = 67F03E1B271FC17A00A37705 /* Tests_iOSLaunchTests.swift */; };
		67F03E26271FC17A00A37705 /* Tests_macOS.swift in Sources */ = {isa = PBXBuildFile; fileRef = 67F03E25271FC17A00A37705 /* Tests_macOS.swift */; };
		67F03E28271FC17A00A37705 /* Tests_macOSLaunchTests.swift in Sources */ = {isa = PBXBuildFile; fileRef = 67F03E27271FC17A00A37705 /* Tests_macOSLaunchTests.swift */; };
		67F03E29271FC17A00A37705 /* WAGmiApp.swift in Sources */ = {isa = PBXBuildFile; fileRef = 67F03E01271FC17800A37705 /* WAGmiApp.swift */; };
		67F03E2A271FC17A00A37705 /* WAGmiApp.swift in Sources */ = {isa = PBXBuildFile; fileRef = 67F03E01271FC17800A37705 /* WAGmiApp.swift */; };
		67F03E2B271FC17A00A37705 /* ContentView.swift in Sources */ = {isa = PBXBuildFile; fileRef = 67F03E02271FC17800A37705 /* ContentView.swift */; };
		67F03E2C271FC17A00A37705 /* ContentView.swift in Sources */ = {isa = PBXBuildFile; fileRef = 67F03E02271FC17800A37705 /* ContentView.swift */; };
		67F03E2D271FC17A00A37705 /* Assets.xcassets in Resources */ = {isa = PBXBuildFile; fileRef = 67F03E03271FC17A00A37705 /* Assets.xcassets */; };
		67F03E2E271FC17A00A37705 /* Assets.xcassets in Resources */ = {isa = PBXBuildFile; fileRef = 67F03E03271FC17A00A37705 /* Assets.xcassets */; };
		67F03E3E271FE3B700A37705 /* 384.gif in Resources */ = {isa = PBXBuildFile; fileRef = 67F03E3D271FE3B700A37705 /* 384.gif */; };
		67F03E3F271FE3B700A37705 /* 384.gif in Resources */ = {isa = PBXBuildFile; fileRef = 67F03E3D271FE3B700A37705 /* 384.gif */; };
		67F03E41271FE3E200A37705 /* HomeboiGif.swift in Sources */ = {isa = PBXBuildFile; fileRef = 67F03E40271FE3E200A37705 /* HomeboiGif.swift */; };
		67F03E42271FE3E200A37705 /* HomeboiGif.swift in Sources */ = {isa = PBXBuildFile; fileRef = 67F03E40271FE3E200A37705 /* HomeboiGif.swift */; };
/* End PBXBuildFile section */

/* Begin PBXContainerItemProxy section */
		67F03E16271FC17A00A37705 /* PBXContainerItemProxy */ = {
			isa = PBXContainerItemProxy;
			containerPortal = 67F03DFC271FC17800A37705 /* Project object */;
			proxyType = 1;
			remoteGlobalIDString = 67F03E07271FC17A00A37705;
			remoteInfo = "WAGmi (iOS)";
		};
		67F03E22271FC17A00A37705 /* PBXContainerItemProxy */ = {
			isa = PBXContainerItemProxy;
			containerPortal = 67F03DFC271FC17800A37705 /* Project object */;
			proxyType = 1;
			remoteGlobalIDString = 67F03E0D271FC17A00A37705;
			remoteInfo = "WAGmi (macOS)";
		};
/* End PBXContainerItemProxy section */

/* Begin PBXFileReference section */
		67F03E01271FC17800A37705 /* WAGmiApp.swift */ = {isa = PBXFileReference; lastKnownFileType = sourcecode.swift; path = WAGmiApp.swift; sourceTree = "<group>"; };
		67F03E02271FC17800A37705 /* ContentView.swift */ = {isa = PBXFileReference; lastKnownFileType = sourcecode.swift; path = ContentView.swift; sourceTree = "<group>"; };
		67F03E03271FC17A00A37705 /* Assets.xcassets */ = {isa = PBXFileReference; lastKnownFileType = folder.assetcatalog; path = Assets.xcassets; sourceTree = "<group>"; };
		67F03E08271FC17A00A37705 /* WAGmi.app */ = {isa = PBXFileReference; explicitFileType = wrapper.application; includeInIndex = 0; path = WAGmi.app; sourceTree = BUILT_PRODUCTS_DIR; };
		67F03E0E271FC17A00A37705 /* WAGmi.app */ = {isa = PBXFileReference; explicitFileType = wrapper.application; includeInIndex = 0; path = WAGmi.app; sourceTree = BUILT_PRODUCTS_DIR; };
		67F03E10271FC17A00A37705 /* macOS.entitlements */ = {isa = PBXFileReference; lastKnownFileType = text.plist.entitlements; path = macOS.entitlements; sourceTree = "<group>"; };
		67F03E15271FC17A00A37705 /* Tests iOS.xctest */ = {isa = PBXFileReference; explicitFileType = wrapper.cfbundle; includeInIndex = 0; path = "Tests iOS.xctest"; sourceTree = BUILT_PRODUCTS_DIR; };
		67F03E19271FC17A00A37705 /* Tests_iOS.swift */ = {isa = PBXFileReference; lastKnownFileType = sourcecode.swift; path = Tests_iOS.swift; sourceTree = "<group>"; };
		67F03E1B271FC17A00A37705 /* Tests_iOSLaunchTests.swift */ = {isa = PBXFileReference; lastKnownFileType = sourcecode.swift; path = Tests_iOSLaunchTests.swift; sourceTree = "<group>"; };
		67F03E21271FC17A00A37705 /* Tests macOS.xctest */ = {isa = PBXFileReference; explicitFileType = wrapper.cfbundle; includeInIndex = 0; path = "Tests macOS.xctest"; sourceTree = BUILT_PRODUCTS_DIR; };
		67F03E25271FC17A00A37705 /* Tests_macOS.swift */ = {isa = PBXFileReference; lastKnownFileType = sourcecode.swift; path = Tests_macOS.swift; sourceTree = "<group>"; };
		67F03E27271FC17A00A37705 /* Tests_macOSLaunchTests.swift */ = {isa = PBXFileReference; lastKnownFileType = sourcecode.swift; path = Tests_macOSLaunchTests.swift; sourceTree = "<group>"; };
		67F03E3D271FE3B700A37705 /* 384.gif */ = {isa = PBXFileReference; lastKnownFileType = image.gif; path = 384.gif; sourceTree = "<group>"; };
		67F03E40271FE3E200A37705 /* HomeboiGif.swift */ = {isa = PBXFileReference; lastKnownFileType = sourcecode.swift; path = HomeboiGif.swift; sourceTree = "<group>"; };
/* End PBXFileReference section */

/* Begin PBXFrameworksBuildPhase section */
		67F03E05271FC17A00A37705 /* Frameworks */ = {
			isa = PBXFrameworksBuildPhase;
			buildActionMask = 2147483647;
			files = (
			);
			runOnlyForDeploymentPostprocessing = 0;
		};
		67F03E0B271FC17A00A37705 /* Frameworks */ = {
			isa = PBXFrameworksBuildPhase;
			buildActionMask = 2147483647;
			files = (
			);
			runOnlyForDeploymentPostprocessing = 0;
		};
		67F03E12271FC17A00A37705 /* Frameworks */ = {
			isa = PBXFrameworksBuildPhase;
			buildActionMask = 2147483647;
			files = (
			);
			runOnlyForDeploymentPostprocessing = 0;
		};
		67F03E1E271FC17A00A37705 /* Frameworks */ = {
			isa = PBXFrameworksBuildPhase;
			buildActionMask = 2147483647;
			files = (
			);
			runOnlyForDeploymentPostprocessing = 0;
		};
/* End PBXFrameworksBuildPhase section */

/* Begin PBXGroup section */
		67F03DFB271FC17800A37705 = {
			isa = PBXGroup;
			children = (
				67F03E00271FC17800A37705 /* Shared */,
				67F03E0F271FC17A00A37705 /* macOS */,
				67F03E18271FC17A00A37705 /* Tests iOS */,
				67F03E24271FC17A00A37705 /* Tests macOS */,
				67F03E09271FC17A00A37705 /* Products */,
			);
			sourceTree = "<group>";
		};
		67F03E00271FC17800A37705 /* Shared */ = {
			isa = PBXGroup;
			children = (
				67F03E01271FC17800A37705 /* WAGmiApp.swift */,
				67F03E02271FC17800A37705 /* ContentView.swift */,
				67F03E40271FE3E200A37705 /* HomeboiGif.swift */,
				67F03E3D271FE3B700A37705 /* 384.gif */,
				67F03E03271FC17A00A37705 /* Assets.xcassets */,
			);
			path = Shared;
			sourceTree = "<group>";
		};
		67F03E09271FC17A00A37705 /* Products */ = {
			isa = PBXGroup;
			children = (
				67F03E08271FC17A00A37705 /* WAGmi.app */,
				67F03E0E271FC17A00A37705 /* WAGmi.app */,
				67F03E15271FC17A00A37705 /* Tests iOS.xctest */,
				67F03E21271FC17A00A37705 /* Tests macOS.xctest */,
			);
			name = Products;
			sourceTree = "<group>";
		};
		67F03E0F271FC17A00A37705 /* macOS */ = {
			isa = PBXGroup;
			children = (
				67F03E10271FC17A00A37705 /* macOS.entitlements */,
			);
			path = macOS;
			sourceTree = "<group>";
		};
		67F03E18271FC17A00A37705 /* Tests iOS */ = {
			isa = PBXGroup;
			children = (
				67F03E19271FC17A00A37705 /* Tests_iOS.swift */,
				67F03E1B271FC17A00A37705 /* Tests_iOSLaunchTests.swift */,
			);
			path = "Tests iOS";
			sourceTree = "<group>";
		};
		67F03E24271FC17A00A37705 /* Tests macOS */ = {
			isa = PBXGroup;
			children = (
				67F03E25271FC17A00A37705 /* Tests_macOS.swift */,
				67F03E27271FC17A00A37705 /* Tests_macOSLaunchTests.swift */,
			);
			path = "Tests macOS";
			sourceTree = "<group>";
		};
/* End PBXGroup section */

/* Begin PBXNativeTarget section */
		67F03E07271FC17A00A37705 /* WAGmi (iOS) */ = {
			isa = PBXNativeTarget;
			buildConfigurationList = 67F03E31271FC17A00A37705 /* Build configuration list for PBXNativeTarget "WAGmi (iOS)" */;
			buildPhases = (
				67F03E04271FC17A00A37705 /* Sources */,
				67F03E05271FC17A00A37705 /* Frameworks */,
				67F03E06271FC17A00A37705 /* Resources */,
			);
			buildRules = (
			);
			dependencies = (
			);
			name = "WAGmi (iOS)";
			productName = "WAGmi (iOS)";
			productReference = 67F03E08271FC17A00A37705 /* WAGmi.app */;
			productType = "com.apple.product-type.application";
		};
		67F03E0D271FC17A00A37705 /* WAGmi (macOS) */ = {
			isa = PBXNativeTarget;
			buildConfigurationList = 67F03E34271FC17A00A37705 /* Build configuration list for PBXNativeTarget "WAGmi (macOS)" */;
			buildPhases = (
				67F03E0A271FC17A00A37705 /* Sources */,
				67F03E0B271FC17A00A37705 /* Frameworks */,
				67F03E0C271FC17A00A37705 /* Resources */,
			);
			buildRules = (
			);
			dependencies = (
			);
			name = "WAGmi (macOS)";
			productName = "WAGmi (macOS)";
			productReference = 67F03E0E271FC17A00A37705 /* WAGmi.app */;
			productType = "com.apple.product-type.application";
		};
		67F03E14271FC17A00A37705 /* Tests iOS */ = {
			isa = PBXNativeTarget;
			buildConfigurationList = 67F03E37271FC17A00A37705 /* Build configuration list for PBXNativeTarget "Tests iOS" */;
			buildPhases = (
				67F03E11271FC17A00A37705 /* Sources */,
				67F03E12271FC17A00A37705 /* Frameworks */,
				67F03E13271FC17A00A37705 /* Resources */,
			);
			buildRules = (
			);
			dependencies = (
				67F03E17271FC17A00A37705 /* PBXTargetDependency */,
			);
			name = "Tests iOS";
			productName = "Tests iOS";
			productReference = 67F03E15271FC17A00A37705 /* Tests iOS.xctest */;
			productType = "com.apple.product-type.bundle.ui-testing";
		};
		67F03E20271FC17A00A37705 /* Tests macOS */ = {
			isa = PBXNativeTarget;
			buildConfigurationList = 67F03E3A271FC17A00A37705 /* Build configuration list for PBXNativeTarget "Tests macOS" */;
			buildPhases = (
				67F03E1D271FC17A00A37705 /* Sources */,
				67F03E1E271FC17A00A37705 /* Frameworks */,
				67F03E1F271FC17A00A37705 /* Resources */,
			);
			buildRules = (
			);
			dependencies = (
				67F03E23271FC17A00A37705 /* PBXTargetDependency */,
			);
			name = "Tests macOS";
			productName = "Tests macOS";
			productReference = 67F03E21271FC17A00A37705 /* Tests macOS.xctest */;
			productType = "com.apple.product-type.bundle.ui-testing";
		};
/* End PBXNativeTarget section */

/* Begin PBXProject section */
		67F03DFC271FC17800A37705 /* Project object */ = {
			isa = PBXProject;
			attributes = {
				BuildIndependentTargetsInParallel = 1;
				LastSwiftUpdateCheck = 1300;
				LastUpgradeCheck = 1300;
				TargetAttributes = {
					67F03E07271FC17A00A37705 = {
						CreatedOnToolsVersion = 13.0;
					};
					67F03E0D271FC17A00A37705 = {
						CreatedOnToolsVersion = 13.0;
					};
					67F03E14271FC17A00A37705 = {
						CreatedOnToolsVersion = 13.0;
						TestTargetID = 67F03E07271FC17A00A37705;
					};
					67F03E20271FC17A00A37705 = {
						CreatedOnToolsVersion = 13.0;
						TestTargetID = 67F03E0D271FC17A00A37705;
					};
				};
			};
			buildConfigurationList = 67F03DFF271FC17800A37705 /* Build configuration list for PBXProject "WAGmi" */;
			compatibilityVersion = "Xcode 13.0";
			developmentRegion = en;
			hasScannedForEncodings = 0;
			knownRegions = (
				en,
				Base,
			);
			mainGroup = 67F03DFB271FC17800A37705;
			productRefGroup = 67F03E09271FC17A00A37705 /* Products */;
			projectDirPath = "";
			projectRoot = "";
			targets = (
				67F03E07271FC17A00A37705 /* WAGmi (iOS) */,
				67F03E0D271FC17A00A37705 /* WAGmi (macOS) */,
				67F03E14271FC17A00A37705 /* Tests iOS */,
				67F03E20271FC17A00A37705 /* Tests macOS */,
			);
		};
/* End PBXProject section */

/* Begin PBXResourcesBuildPhase section */
		67F03E06271FC17A00A37705 /* Resources */ = {
			isa = PBXResourcesBuildPhase;
			buildActionMask = 2147483647;
			files = (
				67F03E3E271FE3B700A37705 /* 384.gif in Resources */,
				67F03E2D271FC17A00A37705 /* Assets.xcassets in Resources */,
			);
			runOnlyForDeploymentPostprocessing = 0;
		};
		67F03E0C271FC17A00A37705 /* Resources */ = {
			isa = PBXResourcesBuildPhase;
			buildActionMask = 2147483647;
			files = (
				67F03E3F271FE3B700A37705 /* 384.gif in Resources */,
				67F03E2E271FC17A00A37705 /* Assets.xcassets in Resources */,
			);
			runOnlyForDeploymentPostprocessing = 0;
		};
		67F03E13271FC17A00A37705 /* Resources */ = {
			isa = PBXResourcesBuildPhase;
			buildActionMask = 2147483647;
			files = (
			);
			runOnlyForDeploymentPostprocessing = 0;
		};
		67F03E1F271FC17A00A37705 /* Resources */ = {
			isa = PBXResourcesBuildPhase;
			buildActionMask = 2147483647;
			files = (
			);
			runOnlyForDeploymentPostprocessing = 0;
		};
/* End PBXResourcesBuildPhase section */

/* Begin PBXSourcesBuildPhase section */
		67F03E04271FC17A00A37705 /* Sources */ = {
			isa = PBXSourcesBuildPhase;
			buildActionMask = 2147483647;
			files = (
				67F03E2B271FC17A00A37705 /* ContentView.swift in Sources */,
				67F03E29271FC17A00A37705 /* WAGmiApp.swift in Sources */,
				67F03E41271FE3E200A37705 /* HomeboiGif.swift in Sources */,
			);
			runOnlyForDeploymentPostprocessing = 0;
		};
		67F03E0A271FC17A00A37705 /* Sources */ = {
			isa = PBXSourcesBuildPhase;
			buildActionMask = 2147483647;
			files = (
				67F03E2C271FC17A00A37705 /* ContentView.swift in Sources */,
				67F03E2A271FC17A00A37705 /* WAGmiApp.swift in Sources */,
				67F03E42271FE3E200A37705 /* HomeboiGif.swift in Sources */,
			);
			runOnlyForDeploymentPostprocessing = 0;
		};
		67F03E11271FC17A00A37705 /* Sources */ = {
			isa = PBXSourcesBuildPhase;
			buildActionMask = 2147483647;
			files = (
				67F03E1C271FC17A00A37705 /* Tests_iOSLaunchTests.swift in Sources */,
				67F03E1A271FC17A00A37705 /* Tests_iOS.swift in Sources */,
			);
			runOnlyForDeploymentPostprocessing = 0;
		};
		67F03E1D271FC17A00A37705 /* Sources */ = {
			isa = PBXSourcesBuildPhase;
			buildActionMask = 2147483647;
			files = (
				67F03E28271FC17A00A37705 /* Tests_macOSLaunchTests.swift in Sources */,
				67F03E26271FC17A00A37705 /* Tests_macOS.swift in Sources */,
			);
			runOnlyForDeploymentPostprocessing = 0;
		};
/* End PBXSourcesBuildPhase section */

/* Begin PBXTargetDependency section */
		67F03E17271FC17A00A37705 /* PBXTargetDependency */ = {
			isa = PBXTargetDependency;
			target = 67F03E07271FC17A00A37705 /* WAGmi (iOS) */;
			targetProxy = 67F03E16271FC17A00A37705 /* PBXContainerItemProxy */;
		};
		67F03E23271FC17A00A37705 /* PBXTargetDependency */ = {
			isa = PBXTargetDependency;
			target = 67F03E0D271FC17A00A37705 /* WAGmi (macOS) */;
			targetProxy = 67F03E22271FC17A00A37705 /* PBXContainerItemProxy */;
		};
/* End PBXTargetDependency section */

/* Begin XCBuildConfiguration section */
		67F03E2F271FC17A00A37705 /* Debug */ = {
			isa = XCBuildConfiguration;
			buildSettings = {
				ALWAYS_SEARCH_USER_PATHS = NO;
				CLANG_ANALYZER_NONNULL = YES;
				CLANG_ANALYZER_NUMBER_OBJECT_CONVERSION = YES_AGGRESSIVE;
				CLANG_CXX_LANGUAGE_STANDARD = "gnu++17";
				CLANG_CXX_LIBRARY = "libc++";
				CLANG_ENABLE_MODULES = YES;
				CLANG_ENABLE_OBJC_ARC = YES;
				CLANG_ENABLE_OBJC_WEAK = YES;
				CLANG_WARN_BLOCK_CAPTURE_AUTORELEASING = YES;
				CLANG_WARN_BOOL_CONVERSION = YES;
				CLANG_WARN_COMMA = YES;
				CLANG_WARN_CONSTANT_CONVERSION = YES;
				CLANG_WARN_DEPRECATED_OBJC_IMPLEMENTATIONS = YES;
				CLANG_WARN_DIRECT_OBJC_ISA_USAGE = YES_ERROR;
				CLANG_WARN_DOCUMENTATION_COMMENTS = YES;
				CLANG_WARN_EMPTY_BODY = YES;
				CLANG_WARN_ENUM_CONVERSION = YES;
				CLANG_WARN_INFINITE_RECURSION = YES;
				CLANG_WARN_INT_CONVERSION = YES;
				CLANG_WARN_NON_LITERAL_NULL_CONVERSION = YES;
				CLANG_WARN_OBJC_IMPLICIT_RETAIN_SELF = YES;
				CLANG_WARN_OBJC_LITERAL_CONVERSION = YES;
				CLANG_WARN_OBJC_ROOT_CLASS = YES_ERROR;
				CLANG_WARN_QUOTED_INCLUDE_IN_FRAMEWORK_HEADER = YES;
				CLANG_WARN_RANGE_LOOP_ANALYSIS = YES;
				CLANG_WARN_STRICT_PROTOTYPES = YES;
				CLANG_WARN_SUSPICIOUS_MOVE = YES;
				CLANG_WARN_UNGUARDED_AVAILABILITY = YES_AGGRESSIVE;
				CLANG_WARN_UNREACHABLE_CODE = YES;
				CLANG_WARN__DUPLICATE_METHOD_MATCH = YES;
				COPY_PHASE_STRIP = NO;
				DEBUG_INFORMATION_FORMAT = dwarf;
				ENABLE_STRICT_OBJC_MSGSEND = YES;
				ENABLE_TESTABILITY = YES;
				GCC_C_LANGUAGE_STANDARD = gnu11;
				GCC_DYNAMIC_NO_PIC = NO;
				GCC_NO_COMMON_BLOCKS = YES;
				GCC_OPTIMIZATION_LEVEL = 0;
				GCC_PREPROCESSOR_DEFINITIONS = (
					"DEBUG=1",
					"$(inherited)",
				);
				GCC_WARN_64_TO_32_BIT_CONVERSION = YES;
				GCC_WARN_ABOUT_RETURN_TYPE = YES_ERROR;
				GCC_WARN_UNDECLARED_SELECTOR = YES;
				GCC_WARN_UNINITIALIZED_AUTOS = YES_AGGRESSIVE;
				GCC_WARN_UNUSED_FUNCTION = YES;
				GCC_WARN_UNUSED_VARIABLE = YES;
				MTL_ENABLE_DEBUG_INFO = INCLUDE_SOURCE;
				MTL_FAST_MATH = YES;
				ONLY_ACTIVE_ARCH = YES;
				SWIFT_ACTIVE_COMPILATION_CONDITIONS = DEBUG;
				SWIFT_OPTIMIZATION_LEVEL = "-Onone";
			};
			name = Debug;
		};
		67F03E30271FC17A00A37705 /* Release */ = {
			isa = XCBuildConfiguration;
			buildSettings = {
				ALWAYS_SEARCH_USER_PATHS = NO;
				CLANG_ANALYZER_NONNULL = YES;
				CLANG_ANALYZER_NUMBER_OBJECT_CONVERSION = YES_AGGRESSIVE;
				CLANG_CXX_LANGUAGE_STANDARD = "gnu++17";
				CLANG_CXX_LIBRARY = "libc++";
				CLANG_ENABLE_MODULES = YES;
				CLANG_ENABLE_OBJC_ARC = YES;
				CLANG_ENABLE_OBJC_WEAK = YES;
				CLANG_WARN_BLOCK_CAPTURE_AUTORELEASING = YES;
				CLANG_WARN_BOOL_CONVERSION = YES;
				CLANG_WARN_COMMA = YES;
				CLANG_WARN_CONSTANT_CONVERSION = YES;
				CLANG_WARN_DEPRECATED_OBJC_IMPLEMENTATIONS = YES;
				CLANG_WARN_DIRECT_OBJC_ISA_USAGE = YES_ERROR;
				CLANG_WARN_DOCUMENTATION_COMMENTS = YES;
				CLANG_WARN_EMPTY_BODY = YES;
				CLANG_WARN_ENUM_CONVERSION = YES;
				CLANG_WARN_INFINITE_RECURSION = YES;
				CLANG_WARN_INT_CONVERSION = YES;
				CLANG_WARN_NON_LITERAL_NULL_CONVERSION = YES;
				CLANG_WARN_OBJC_IMPLICIT_RETAIN_SELF = YES;
				CLANG_WARN_OBJC_LITERAL_CONVERSION = YES;
				CLANG_WARN_OBJC_ROOT_CLASS = YES_ERROR;
				CLANG_WARN_QUOTED_INCLUDE_IN_FRAMEWORK_HEADER = YES;
				CLANG_WARN_RANGE_LOOP_ANALYSIS = YES;
				CLANG_WARN_STRICT_PROTOTYPES = YES;
				CLANG_WARN_SUSPICIOUS_MOVE = YES;
				CLANG_WARN_UNGUARDED_AVAILABILITY = YES_AGGRESSIVE;
				CLANG_WARN_UNREACHABLE_CODE = YES;
				CLANG_WARN__DUPLICATE_METHOD_MATCH = YES;
				COPY_PHASE_STRIP = NO;
				DEBUG_INFORMATION_FORMAT = "dwarf-with-dsym";
				ENABLE_NS_ASSERTIONS = NO;
				ENABLE_STRICT_OBJC_MSGSEND = YES;
				GCC_C_LANGUAGE_STANDARD = gnu11;
				GCC_NO_COMMON_BLOCKS = YES;
				GCC_WARN_64_TO_32_BIT_CONVERSION = YES;
				GCC_WARN_ABOUT_RETURN_TYPE = YES_ERROR;
				GCC_WARN_UNDECLARED_SELECTOR = YES;
				GCC_WARN_UNINITIALIZED_AUTOS = YES_AGGRESSIVE;
				GCC_WARN_UNUSED_FUNCTION = YES;
				GCC_WARN_UNUSED_VARIABLE = YES;
				MTL_ENABLE_DEBUG_INFO = NO;
				MTL_FAST_MATH = YES;
				SWIFT_COMPILATION_MODE = wholemodule;
				SWIFT_OPTIMIZATION_LEVEL = "-O";
			};
			name = Release;
		};
		67F03E32271FC17A00A37705 /* Debug */ = {
			isa = XCBuildConfiguration;
			buildSettings = {
				ASSETCATALOG_COMPILER_APPICON_NAME = AppIcon;
				ASSETCATALOG_COMPILER_GLOBAL_ACCENT_COLOR_NAME = AccentColor;
				CODE_SIGN_STYLE = Automatic;
				CURRENT_PROJECT_VERSION = 1;
				DEVELOPMENT_TEAM = APFUQ23TWA;
				ENABLE_PREVIEWS = YES;
				GENERATE_INFOPLIST_FILE = YES;
				INFOPLIST_KEY_UIApplicationSceneManifest_Generation = YES;
				INFOPLIST_KEY_UIApplicationSupportsIndirectInputEvents = YES;
				INFOPLIST_KEY_UILaunchScreen_Generation = YES;
				INFOPLIST_KEY_UISupportedInterfaceOrientations_iPad = "UIInterfaceOrientationPortrait UIInterfaceOrientationPortraitUpsideDown UIInterfaceOrientationLandscapeLeft UIInterfaceOrientationLandscapeRight";
				INFOPLIST_KEY_UISupportedInterfaceOrientations_iPhone = "UIInterfaceOrientationPortrait UIInterfaceOrientationLandscapeLeft UIInterfaceOrientationLandscapeRight";
				IPHONEOS_DEPLOYMENT_TARGET = 14.0;
				LD_RUNPATH_SEARCH_PATHS = (
					"$(inherited)",
					"@executable_path/Frameworks",
				);
				MARKETING_VERSION = 1.0;
				PRODUCT_BUNDLE_IDENTIFIER = com.ghumaan.WAGmi;
				PRODUCT_NAME = WAGmi;
				SDKROOT = iphoneos;
				SWIFT_EMIT_LOC_STRINGS = YES;
				SWIFT_VERSION = 5.0;
				TARGETED_DEVICE_FAMILY = "1,2";
			};
			name = Debug;
		};
		67F03E33271FC17A00A37705 /* Release */ = {
			isa = XCBuildConfiguration;
			buildSettings = {
				ASSETCATALOG_COMPILER_APPICON_NAME = AppIcon;
				ASSETCATALOG_COMPILER_GLOBAL_ACCENT_COLOR_NAME = AccentColor;
				CODE_SIGN_STYLE = Automatic;
				CURRENT_PROJECT_VERSION = 1;
				DEVELOPMENT_TEAM = APFUQ23TWA;
				ENABLE_PREVIEWS = YES;
				GENERATE_INFOPLIST_FILE = YES;
				INFOPLIST_KEY_UIApplicationSceneManifest_Generation = YES;
				INFOPLIST_KEY_UIApplicationSupportsIndirectInputEvents = YES;
				INFOPLIST_KEY_UILaunchScreen_Generation = YES;
				INFOPLIST_KEY_UISupportedInterfaceOrientations_iPad = "UIInterfaceOrientationPortrait UIInterfaceOrientationPortraitUpsideDown UIInterfaceOrientationLandscapeLeft UIInterfaceOrientationLandscapeRight";
				INFOPLIST_KEY_UISupportedInterfaceOrientations_iPhone = "UIInterfaceOrientationPortrait UIInterfaceOrientationLandscapeLeft UIInterfaceOrientationLandscapeRight";
				IPHONEOS_DEPLOYMENT_TARGET = 14.0;
				LD_RUNPATH_SEARCH_PATHS = (
					"$(inherited)",
					"@executable_path/Frameworks",
				);
				MARKETING_VERSION = 1.0;
				PRODUCT_BUNDLE_IDENTIFIER = com.ghumaan.WAGmi;
				PRODUCT_NAME = WAGmi;
				SDKROOT = iphoneos;
				SWIFT_EMIT_LOC_STRINGS = YES;
				SWIFT_VERSION = 5.0;
				TARGETED_DEVICE_FAMILY = "1,2";
				VALIDATE_PRODUCT = YES;
			};
			name = Release;
		};
		67F03E35271FC17A00A37705 /* Debug */ = {
			isa = XCBuildConfiguration;
			buildSettings = {
				ASSETCATALOG_COMPILER_APPICON_NAME = AppIcon;
				ASSETCATALOG_COMPILER_GLOBAL_ACCENT_COLOR_NAME = AccentColor;
				CODE_SIGN_ENTITLEMENTS = macOS/macOS.entitlements;
				CODE_SIGN_STYLE = Automatic;
				COMBINE_HIDPI_IMAGES = YES;
				CURRENT_PROJECT_VERSION = 1;
				DEVELOPMENT_TEAM = APFUQ23TWA;
				ENABLE_HARDENED_RUNTIME = YES;
				ENABLE_PREVIEWS = YES;
				GENERATE_INFOPLIST_FILE = YES;
				INFOPLIST_KEY_NSHumanReadableCopyright = "";
				LD_RUNPATH_SEARCH_PATHS = (
					"$(inherited)",
					"@executable_path/../Frameworks",
				);
				MACOSX_DEPLOYMENT_TARGET = 11.0;
				MARKETING_VERSION = 1.0;
				PRODUCT_BUNDLE_IDENTIFIER = com.ghumaan.WAGmi;
				PRODUCT_NAME = WAGmi;
				SDKROOT = macosx;
				SWIFT_EMIT_LOC_STRINGS = YES;
				SWIFT_VERSION = 5.0;
			};
			name = Debug;
		};
		67F03E36271FC17A00A37705 /* Release */ = {
			isa = XCBuildConfiguration;
			buildSettings = {
				ASSETCATALOG_COMPILER_APPICON_NAME = AppIcon;
				ASSETCATALOG_COMPILER_GLOBAL_ACCENT_COLOR_NAME = AccentColor;
				CODE_SIGN_ENTITLEMENTS = macOS/macOS.entitlements;
				CODE_SIGN_STYLE = Automatic;
				COMBINE_HIDPI_IMAGES = YES;
				CURRENT_PROJECT_VERSION = 1;
				DEVELOPMENT_TEAM = APFUQ23TWA;
				ENABLE_HARDENED_RUNTIME = YES;
				ENABLE_PREVIEWS = YES;
				GENERATE_INFOPLIST_FILE = YES;
				INFOPLIST_KEY_NSHumanReadableCopyright = "";
				LD_RUNPATH_SEARCH_PATHS = (
					"$(inherited)",
					"@executable_path/../Frameworks",
				);
				MACOSX_DEPLOYMENT_TARGET = 11.0;
				MARKETING_VERSION = 1.0;
				PRODUCT_BUNDLE_IDENTIFIER = com.ghumaan.WAGmi;
				PRODUCT_NAME = WAGmi;
				SDKROOT = macosx;
				SWIFT_EMIT_LOC_STRINGS = YES;
				SWIFT_VERSION = 5.0;
			};
			name = Release;
		};
		67F03E38271FC17A00A37705 /* Debug */ = {
			isa = XCBuildConfiguration;
			buildSettings = {
				ALWAYS_EMBED_SWIFT_STANDARD_LIBRARIES = YES;
				CODE_SIGN_STYLE = Automatic;
				CURRENT_PROJECT_VERSION = 1;
				DEVELOPMENT_TEAM = APFUQ23TWA;
				GENERATE_INFOPLIST_FILE = YES;
				IPHONEOS_DEPLOYMENT_TARGET = 15.0;
				LD_RUNPATH_SEARCH_PATHS = (
					"$(inherited)",
					"@executable_path/Frameworks",
					"@loader_path/Frameworks",
				);
				MARKETING_VERSION = 1.0;
				PRODUCT_BUNDLE_IDENTIFIER = "com.ghumaan.Tests-iOS";
				PRODUCT_NAME = "$(TARGET_NAME)";
				SDKROOT = iphoneos;
				SWIFT_EMIT_LOC_STRINGS = NO;
				SWIFT_VERSION = 5.0;
				TARGETED_DEVICE_FAMILY = "1,2";
				TEST_TARGET_NAME = "WAGmi (iOS)";
			};
			name = Debug;
		};
		67F03E39271FC17A00A37705 /* Release */ = {
			isa = XCBuildConfiguration;
			buildSettings = {
				ALWAYS_EMBED_SWIFT_STANDARD_LIBRARIES = YES;
				CODE_SIGN_STYLE = Automatic;
				CURRENT_PROJECT_VERSION = 1;
				DEVELOPMENT_TEAM = APFUQ23TWA;
				GENERATE_INFOPLIST_FILE = YES;
				IPHONEOS_DEPLOYMENT_TARGET = 15.0;
				LD_RUNPATH_SEARCH_PATHS = (
					"$(inherited)",
					"@executable_path/Frameworks",
					"@loader_path/Frameworks",
				);
				MARKETING_VERSION = 1.0;
				PRODUCT_BUNDLE_IDENTIFIER = "com.ghumaan.Tests-iOS";
				PRODUCT_NAME = "$(TARGET_NAME)";
				SDKROOT = iphoneos;
				SWIFT_EMIT_LOC_STRINGS = NO;
				SWIFT_VERSION = 5.0;
				TARGETED_DEVICE_FAMILY = "1,2";
				TEST_TARGET_NAME = "WAGmi (iOS)";
				VALIDATE_PRODUCT = YES;
			};
			name = Release;
		};
		67F03E3B271FC17A00A37705 /* Debug */ = {
			isa = XCBuildConfiguration;
			buildSettings = {
				ALWAYS_EMBED_SWIFT_STANDARD_LIBRARIES = YES;
				CODE_SIGN_STYLE = Automatic;
				COMBINE_HIDPI_IMAGES = YES;
				CURRENT_PROJECT_VERSION = 1;
				DEVELOPMENT_TEAM = APFUQ23TWA;
				GENERATE_INFOPLIST_FILE = YES;
				LD_RUNPATH_SEARCH_PATHS = (
					"$(inherited)",
					"@executable_path/../Frameworks",
					"@loader_path/../Frameworks",
				);
				MACOSX_DEPLOYMENT_TARGET = 11.3;
				MARKETING_VERSION = 1.0;
				PRODUCT_BUNDLE_IDENTIFIER = "com.ghumaan.Tests-macOS";
				PRODUCT_NAME = "$(TARGET_NAME)";
				SDKROOT = macosx;
				SWIFT_EMIT_LOC_STRINGS = NO;
				SWIFT_VERSION = 5.0;
				TEST_TARGET_NAME = "WAGmi (macOS)";
			};
			name = Debug;
		};
		67F03E3C271FC17A00A37705 /* Release */ = {
			isa = XCBuildConfiguration;
			buildSettings = {
				ALWAYS_EMBED_SWIFT_STANDARD_LIBRARIES = YES;
				CODE_SIGN_STYLE = Automatic;
				COMBINE_HIDPI_IMAGES = YES;
				CURRENT_PROJECT_VERSION = 1;
				DEVELOPMENT_TEAM = APFUQ23TWA;
				GENERATE_INFOPLIST_FILE = YES;
				LD_RUNPATH_SEARCH_PATHS = (
					"$(inherited)",
					"@executable_path/../Frameworks",
					"@loader_path/../Frameworks",
				);
				MACOSX_DEPLOYMENT_TARGET = 11.3;
				MARKETING_VERSION = 1.0;
				PRODUCT_BUNDLE_IDENTIFIER = "com.ghumaan.Tests-macOS";
				PRODUCT_NAME = "$(TARGET_NAME)";
				SDKROOT = macosx;
				SWIFT_EMIT_LOC_STRINGS = NO;
				SWIFT_VERSION = 5.0;
				TEST_TARGET_NAME = "WAGmi (macOS)";
			};
			name = Release;
		};
/* End XCBuildConfiguration section */

/* Begin XCConfigurationList section */
		67F03DFF271FC17800A37705 /* Build configuration list for PBXProject "WAGmi" */ = {
			isa = XCConfigurationList;
			buildConfigurations = (
				67F03E2F271FC17A00A37705 /* Debug */,
				67F03E30271FC17A00A37705 /* Release */,
			);
			defaultConfigurationIsVisible = 0;
			defaultConfigurationName = Release;
		};
		67F03E31271FC17A00A37705 /* Build configuration list for PBXNativeTarget "WAGmi (iOS)" */ = {
			isa = XCConfigurationList;
			buildConfigurations = (
				67F03E32271FC17A00A37705 /* Debug */,
				67F03E33271FC17A00A37705 /* Release */,
			);
			defaultConfigurationIsVisible = 0;
			defaultConfigurationName = Release;
		};
		67F03E34271FC17A00A37705 /* Build configuration list for PBXNativeTarget "WAGmi (macOS)" */ = {
			isa = XCConfigurationList;
			buildConfigurations = (
				67F03E35271FC17A00A37705 /* Debug */,
				67F03E36271FC17A00A37705 /* Release */,
			);
			defaultConfigurationIsVisible = 0;
			defaultConfigurationName = Release;
		};
		67F03E37271FC17A00A37705 /* Build configuration list for PBXNativeTarget "Tests iOS" */ = {
			isa = XCConfigurationList;
			buildConfigurations = (
				67F03E38271FC17A00A37705 /* Debug */,
				67F03E39271FC17A00A37705 /* Release */,
			);
			defaultConfigurationIsVisible = 0;
			defaultConfigurationName = Release;
		};
		67F03E3A271FC17A00A37705 /* Build configuration list for PBXNativeTarget "Tests macOS" */ = {
			isa = XCConfigurationList;
			buildConfigurations = (
				67F03E3B271FC17A00A37705 /* Debug */,
				67F03E3C271FC17A00A37705 /* Release */,
			);
			defaultConfigurationIsVisible = 0;
			defaultConfigurationName = Release;
		};
/* End XCConfigurationList section */
	};
	rootObject = 67F03DFC271FC17800A37705 /* Project object */;
}
